# THIS IS AN AUTOGENERATED FILE. DO NOT EDIT THIS FILE DIRECTLY.
# yarn lockfile v1


"@react-leaflet/core@^1.0.2":
  version "1.0.2"
  resolved "https://registry.yarnpkg.com/@react-leaflet/core/-/core-1.0.2.tgz#39c6a73f61c666d5dcf673741cea2672fa4bbae1"
  integrity sha512-QbleYZTMcgujAEyWGki8Lx6cXQqWkNtQlqf5c7NImlIp8bKW66bFpez/6EVatW7+p9WKBOEOVci/9W7WW70EZg==

"@types/geojson@*":
  version "7946.0.7"
  resolved "https://registry.yarnpkg.com/@types/geojson/-/geojson-7946.0.7.tgz#c8fa532b60a0042219cdf173ca21a975ef0666ad"
  integrity sha512-wE2v81i4C4Ol09RtsWFAqg3BUitWbHSpSlIo+bNdsCJijO9sjme+zm+73ZMCa/qMC8UEERxzGbvmr1cffo2SiQ==

"@types/leaflet@^1.5.19":
  version "1.5.19"
  resolved "https://registry.yarnpkg.com/@types/leaflet/-/leaflet-1.5.19.tgz#f290e21fe7a4744d68bb4b0709e99ce490120e6e"
  integrity sha512-ZAKqfvdU/+KFoCpf8aUba09F8mfSc8R2esq++Cha3E2DgwS5K/I/4eJ+0JylrVHZivgY7PSAeXFv/izP+81/MQ==
  dependencies:
    "@types/geojson" "*"

camelcase@^5.0.0:
  version "5.3.1"
  resolved "https://registry.yarnpkg.com/camelcase/-/camelcase-5.3.1.tgz#e3c9b31569e106811df242f715725a1f4c494320"
  integrity sha512-L28STB170nwWS63UjtlEOE3dldQApaJXZkOI1uMFfzf3rRuPegHaHesyee+YxQ+W6SvRDQV6UrdOdRiR153wJg==

leaflet@^1.7.1:
  version "1.7.1"
  resolved "https://registry.yarnpkg.com/leaflet/-/leaflet-1.7.1.tgz#10d684916edfe1bf41d688a3b97127c0322a2a19"
  integrity sha512-/xwPEBidtg69Q3HlqPdU3DnrXQOvQU/CCHA1tcDQVzOwm91YMYaILjNp7L4Eaw5Z4sOYdbBz6koWyibppd8Zqw==

react-icons@^3.11.0:
  version "3.11.0"
  resolved "https://registry.yarnpkg.com/react-icons/-/react-icons-3.11.0.tgz#2ca2903dfab8268ca18ebd8cc2e879921ec3b254"
  integrity sha512-JRgiI/vdF6uyBgyZhVyYJUZAop95Sy4XDe/jmT3R/bKliFWpO/uZBwvSjWEdxwzec7SYbEPNPck0Kff2tUGM2Q==
  dependencies:
    camelcase "^5.0.0"

react-leaflet@^3.0.2:
  version "3.0.2"
  resolved "https://registry.yarnpkg.com/react-leaflet/-/react-leaflet-3.0.2.tgz#4133a0550efe7e24be272b9e24e72fa98b51b751"
  integrity sha512-7JxMV9HOo94jFwn1z+gcHVcYWeMxD994YsLxX3yyWebGOsLxpYfiQgNI7RPZWcAtcBK8XYSRB6WUj8NNb9hgbw==
  dependencies:
    "@react-leaflet/core" "^1.0.2"
